// !$*UTF8*$!
{
	archiveVersion = 1;
	classes = {
	};
	objectVersion = 50;
	objects = {

/* Begin PBXBuildFile section */
		270A78E22181C09000AA6555 /* AppDelegate.swift in Sources */ = {isa = PBXBuildFile; fileRef = 270A78E12181C09000AA6555 /* AppDelegate.swift */; };
		270A78E42181C09000AA6555 /* ViewController.swift in Sources */ = {isa = PBXBuildFile; fileRef = 270A78E32181C09000AA6555 /* ViewController.swift */; };
		270A78E72181C09000AA6555 /* Main.storyboard in Resources */ = {isa = PBXBuildFile; fileRef = 270A78E52181C09000AA6555 /* Main.storyboard */; };
		270A78E92181C09200AA6555 /* Assets.xcassets in Resources */ = {isa = PBXBuildFile; fileRef = 270A78E82181C09200AA6555 /* Assets.xcassets */; };
		270A78EC2181C09200AA6555 /* LaunchScreen.storyboard in Resources */ = {isa = PBXBuildFile; fileRef = 270A78EA2181C09200AA6555 /* LaunchScreen.storyboard */; };
		4D6BEE754135267065E7A948 /* Pods_DemoMRSelectCountryWithPods.framework in Frameworks */ = {isa = PBXBuildFile; fileRef = 26FB7105ACD2B7F0CB4AF8E4 /* Pods_DemoMRSelectCountryWithPods.framework */; };
/* End PBXBuildFile section */

/* Begin PBXFileReference section */
		26FB7105ACD2B7F0CB4AF8E4 /* Pods_DemoMRSelectCountryWithPods.framework */ = {isa = PBXFileReference; explicitFileType = wrapper.framework; includeInIndex = 0; path = Pods_DemoMRSelectCountryWithPods.framework; sourceTree = BUILT_PRODUCTS_DIR; };
		270A78DE2181C09000AA6555 /* DemoMRSelectCountryWithPods.app */ = {isa = PBXFileReference; explicitFileType = wrapper.application; includeInIndex = 0; path = DemoMRSelectCountryWithPods.app; sourceTree = BUILT_PRODUCTS_DIR; };
		270A78E12181C09000AA6555 /* AppDelegate.swift */ = {isa = PBXFileReference; lastKnownFileType = sourcecode.swift; path = AppDelegate.swift; sourceTree = "<group>"; };
		270A78E32181C09000AA6555 /* ViewController.swift */ = {isa = PBXFileReference; lastKnownFileType = sourcecode.swift; path = ViewController.swift; sourceTree = "<group>"; };
		270A78E62181C09000AA6555 /* Base */ = {isa = PBXFileReference; lastKnownFileType = file.storyboard; name = Base; path = Base.lproj/Main.storyboard; sourceTree = "<group>"; };
		270A78E82181C09200AA6555 /* Assets.xcassets */ = {isa = PBXFileReference; lastKnownFileType = folder.assetcatalog; path = Assets.xcassets; sourceTree = "<group>"; };
		270A78EB2181C09200AA6555 /* Base */ = {isa = PBXFileReference; lastKnownFileType = file.storyboard; name = Base; path = Base.lproj/LaunchScreen.storyboard; sourceTree = "<group>"; };
		270A78ED2181C09200AA6555 /* Info.plist */ = {isa = PBXFileReference; lastKnownFileType = text.plist.xml; path = Info.plist; sourceTree = "<group>"; };
		713FF88D47DFC4C8B8242D70 /* Pods-DemoMRSelectCountryWithPods.debug.xcconfig */ = {isa = PBXFileReference; includeInIndex = 1; lastKnownFileType = text.xcconfig; name = "Pods-DemoMRSelectCountryWithPods.debug.xcconfig"; path = "Pods/Target Support Files/Pods-DemoMRSelectCountryWithPods/Pods-DemoMRSelectCountryWithPods.debug.xcconfig"; sourceTree = "<group>"; };
		ABA5FD61256592617687ABD2 /* Pods-DemoMRSelectCountryWithPods.release.xcconfig */ = {isa = PBXFileReference; includeInIndex = 1; lastKnownFileType = text.xcconfig; name = "Pods-DemoMRSelectCountryWithPods.release.xcconfig"; path = "Pods/Target Support Files/Pods-DemoMRSelectCountryWithPods/Pods-DemoMRSelectCountryWithPods.release.xcconfig"; sourceTree = "<group>"; };
/* End PBXFileReference section */

/* Begin PBXFrameworksBuildPhase section */
		270A78DB2181C09000AA6555 /* Frameworks */ = {
			isa = PBXFrameworksBuildPhase;
			buildActionMask = 2147483647;
			files = (
				4D6BEE754135267065E7A948 /* Pods_DemoMRSelectCountryWithPods.framework in Frameworks */,
			);
			runOnlyForDeploymentPostprocessing = 0;
		};
/* End PBXFrameworksBuildPhase section */

/* Begin PBXGroup section */
		270A78D52181C09000AA6555 = {
			isa = PBXGroup;
			children = (
				270A78E02181C09000AA6555 /* DemoMRSelectCountryWithPods */,
				270A78DF2181C09000AA6555 /* Products */,
				C0B6E9424375CDF8F5E5AD65 /* Pods */,
				F4FB5444AAB4DC7C569768BE /* Frameworks */,
			);
			sourceTree = "<group>";
		};
		270A78DF2181C09000AA6555 /* Products */ = {
			isa = PBXGroup;
			children = (
				270A78DE2181C09000AA6555 /* DemoMRSelectCountryWithPods.app */,
			);
			name = Products;
			sourceTree = "<group>";
		};
		270A78E02181C09000AA6555 /* DemoMRSelectCountryWithPods */ = {
			isa = PBXGroup;
			children = (
				270A78E12181C09000AA6555 /* AppDelegate.swift */,
				270A78E32181C09000AA6555 /* ViewController.swift */,
				270A78E52181C09000AA6555 /* Main.storyboard */,
				270A78E82181C09200AA6555 /* Assets.xcassets */,
				270A78EA2181C09200AA6555 /* LaunchScreen.storyboard */,
				270A78ED2181C09200AA6555 /* Info.plist */,
			);
			path = DemoMRSelectCountryWithPods;
			sourceTree = "<group>";
		};
		C0B6E9424375CDF8F5E5AD65 /* Pods */ = {
			isa = PBXGroup;
			children = (
				713FF88D47DFC4C8B8242D70 /* Pods-DemoMRSelectCountryWithPods.debug.xcconfig */,
				ABA5FD61256592617687ABD2 /* Pods-DemoMRSelectCountryWithPods.release.xcconfig */,
			);
			name = Pods;
			sourceTree = "<group>";
		};
		F4FB5444AAB4DC7C569768BE /* Frameworks */ = {
			isa = PBXGroup;
			children = (
				26FB7105ACD2B7F0CB4AF8E4 /* Pods_DemoMRSelectCountryWithPods.framework */,
			);
			name = Frameworks;
			sourceTree = "<group>";
		};
/* End PBXGroup section */

/* Begin PBXNativeTarget section */
		270A78DD2181C09000AA6555 /* DemoMRSelectCountryWithPods */ = {
			isa = PBXNativeTarget;
			buildConfigurationList = 270A78F02181C09200AA6555 /* Build configuration list for PBXNativeTarget "DemoMRSelectCountryWithPods" */;
			buildPhases = (
				54B8DE68BAFF123D75D29AC4 /* [CP] Check Pods Manifest.lock */,
				270A78DA2181C09000AA6555 /* Sources */,
				270A78DB2181C09000AA6555 /* Frameworks */,
				270A78DC2181C09000AA6555 /* Resources */,
				661D42A7C3961C4409A8181C /* [CP] Embed Pods Frameworks */,
			);
			buildRules = (
			);
			dependencies = (
			);
			name = DemoMRSelectCountryWithPods;
			productName = DemoMRSelectCountryWithPods;
			productReference = 270A78DE2181C09000AA6555 /* DemoMRSelectCountryWithPods.app */;
			productType = "com.apple.product-type.application";
		};
/* End PBXNativeTarget section */

/* Begin PBXProject section */
		270A78D62181C09000AA6555 /* Project object */ = {
			isa = PBXProject;
			attributes = {
				LastSwiftUpdateCheck = 1000;
				LastUpgradeCheck = 1000;
				ORGANIZATIONNAME = "Muhammad Raza";
				TargetAttributes = {
					270A78DD2181C09000AA6555 = {
						CreatedOnToolsVersion = 10.0;
					};
				};
			};
			buildConfigurationList = 270A78D92181C09000AA6555 /* Build configuration list for PBXProject "DemoMRSelectCountryWithPods" */;
			compatibilityVersion = "Xcode 9.3";
			developmentRegion = en;
			hasScannedForEncodings = 0;
			knownRegions = (
				en,
				Base,
			);
			mainGroup = 270A78D52181C09000AA6555;
			productRefGroup = 270A78DF2181C09000AA6555 /* Products */;
			projectDirPath = "";
			projectRoot = "";
			targets = (
				270A78DD2181C09000AA6555 /* DemoMRSelectCountryWithPods */,
			);
		};
/* End PBXProject section */

/* Begin PBXResourcesBuildPhase section */
		270A78DC2181C09000AA6555 /* Resources */ = {
			isa = PBXResourcesBuildPhase;
			buildActionMask = 2147483647;
			files = (
				270A78EC2181C09200AA6555 /* LaunchScreen.storyboard in Resources */,
				270A78E92181C09200AA6555 /* Assets.xcassets in Resources */,
				270A78E72181C09000AA6555 /* Main.storyboard in Resources */,
			);
			runOnlyForDeploymentPostprocessing = 0;
		};
/* End PBXResourcesBuildPhase section */

/* Begin PBXShellScriptBuildPhase section */
		54B8DE68BAFF123D75D29AC4 /* [CP] Check Pods Manifest.lock */ = {
			isa = PBXShellScriptBuildPhase;
			buildActionMask = 2147483647;
			files = (
			);
			inputPaths = (
				"${PODS_PODFILE_DIR_PATH}/Podfile.lock",
				"${PODS_ROOT}/Manifest.lock",
			);
			name = "[CP] Check Pods Manifest.lock";
			outputPaths = (
				"$(DERIVED_FILE_DIR)/Pods-DemoMRSelectCountryWithPods-checkManifestLockResult.txt",
			);
			runOnlyForDeploymentPostprocessing = 0;
			shellPath = /bin/sh;
			shellScript = "diff \"${PODS_PODFILE_DIR_PATH}/Podfile.lock\" \"${PODS_ROOT}/Manifest.lock\" > /dev/null\nif [ $? != 0 ] ; then\n    # print error to STDERR\n    echo \"error: The sandbox is not in sync with the Podfile.lock. Run 'pod install' or update your CocoaPods installation.\" >&2\n    exit 1\nfi\n# This output is used by Xcode 'outputs' to avoid re-running this script phase.\necho \"SUCCESS\" > \"${SCRIPT_OUTPUT_FILE_0}\"\n";
			showEnvVarsInLog = 0;
		};
		661D42A7C3961C4409A8181C /* [CP] Embed Pods Frameworks */ = {
			isa = PBXShellScriptBuildPhase;
			buildActionMask = 2147483647;
			files = (
			);
			inputPaths = (
				"${SRCROOT}/Pods/Target Support Files/Pods-DemoMRSelectCountryWithPods/Pods-DemoMRSelectCountryWithPods-frameworks.sh",
				"${BUILT_PRODUCTS_DIR}/MRSelectCountry/MRSelectCountry.framework",
			);
			name = "[CP] Embed Pods Frameworks";
			outputPaths = (
				"${TARGET_BUILD_DIR}/${FRAMEWORKS_FOLDER_PATH}/MRSelectCountry.framework",
			);
			runOnlyForDeploymentPostprocessing = 0;
			shellPath = /bin/sh;
			shellScript = "\"${SRCROOT}/Pods/Target Support Files/Pods-DemoMRSelectCountryWithPods/Pods-DemoMRSelectCountryWithPods-frameworks.sh\"\n";
			showEnvVarsInLog = 0;
		};
/* End PBXShellScriptBuildPhase section */

/* Begin PBXSourcesBuildPhase section */
		270A78DA2181C09000AA6555 /* Sources */ = {
			isa = PBXSourcesBuildPhase;
			buildActionMask = 2147483647;
			files = (
				270A78E42181C09000AA6555 /* ViewController.swift in Sources */,
				270A78E22181C09000AA6555 /* AppDelegate.swift in Sources */,
			);
			runOnlyForDeploymentPostprocessing = 0;
		};
/* End PBXSourcesBuildPhase section */

/* Begin PBXVariantGroup section */
		270A78E52181C09000AA6555 /* Main.storyboard */ = {
			isa = PBXVariantGroup;
			children = (
				270A78E62181C09000AA6555 /* Base */,
			);
			name = Main.storyboard;
			sourceTree = "<group>";
		};
		270A78EA2181C09200AA6555 /* LaunchScreen.storyboard */ = {
			isa = PBXVariantGroup;
			children = (
				270A78EB2181C09200AA6555 /* Base */,
			);
			name = LaunchScreen.storyboard;
			sourceTree = "<group>";
		};
/* End PBXVariantGroup section */

/* Begin XCBuildConfiguration section */
		270A78EE2181C09200AA6555 /* Debug */ = {
			isa = XCBuildConfiguration;
			buildSettings = {
				ALWAYS_SEARCH_USER_PATHS = NO;
				CLANG_ANALYZER_NONNULL = YES;
				CLANG_ANALYZER_NUMBER_OBJECT_CONVERSION = YES_AGGRESSIVE;
				CLANG_CXX_LANGUAGE_STANDARD = "gnu++14";
				CLANG_CXX_LIBRARY = "libc++";
				CLANG_ENABLE_MODULES = YES;
				CLANG_ENABLE_OBJC_ARC = YES;
				CLANG_ENABLE_OBJC_WEAK = YES;
				CLANG_WARN_BLOCK_CAPTURE_AUTORELEASING = YES;
				CLANG_WARN_BOOL_CONVERSION = YES;
				CLANG_WARN_COMMA = YES;
				CLANG_WARN_CONSTANT_CONVERSION = YES;
				CLANG_WARN_DEPRECATED_OBJC_IMPLEMENTATIONS = YES;
				CLANG_WARN_DIRECT_OBJC_ISA_USAGE = YES_ERROR;
				CLANG_WARN_DOCUMENTATION_COMMENTS = YES;
				CLANG_WARN_EMPTY_BODY = YES;
				CLANG_WARN_ENUM_CONVERSION = YES;
				CLANG_WARN_INFINITE_RECURSION = YES;
				CLANG_WARN_INT_CONVERSION = YES;
				CLANG_WARN_NON_LITERAL_NULL_CONVERSION = YES;
				CLANG_WARN_OBJC_IMPLICIT_RETAIN_SELF = YES;
				CLANG_WARN_OBJC_LITERAL_CONVERSION = YES;
				CLANG_WARN_OBJC_ROOT_CLASS = YES_ERROR;
				CLANG_WARN_RANGE_LOOP_ANALYSIS = YES;
				CLANG_WARN_STRICT_PROTOTYPES = YES;
				CLANG_WARN_SUSPICIOUS_MOVE = YES;
				CLANG_WARN_UNGUARDED_AVAILABILITY = YES_AGGRESSIVE;
				CLANG_WARN_UNREACHABLE_CODE = YES;
				CLANG_WARN__DUPLICATE_METHOD_MATCH = YES;
				CODE_SIGN_IDENTITY = "iPhone Developer";
				COPY_PHASE_STRIP = NO;
				DEBUG_INFORMATION_FORMAT = dwarf;
				ENABLE_STRICT_OBJC_MSGSEND = YES;
				ENABLE_TESTABILITY = YES;
				GCC_C_LANGUAGE_STANDARD = gnu11;
				GCC_DYNAMIC_NO_PIC = NO;
				GCC_NO_COMMON_BLOCKS = YES;
				GCC_OPTIMIZATION_LEVEL = 0;
				GCC_PREPROCESSOR_DEFINITIONS = (
					"DEBUG=1",
					"$(inherited)",
				);
				GCC_WARN_64_TO_32_BIT_CONVERSION = YES;
				GCC_WARN_ABOUT_RETURN_TYPE = YES_ERROR;
				GCC_WARN_UNDECLARED_SELECTOR = YES;
				GCC_WARN_UNINITIALIZED_AUTOS = YES_AGGRESSIVE;
				GCC_WARN_UNUSED_FUNCTION = YES;
				GCC_WARN_UNUSED_VARIABLE = YES;
				IPHONEOS_DEPLOYMENT_TARGET = 12.0;
				MTL_ENABLE_DEBUG_INFO = INCLUDE_SOURCE;
				MTL_FAST_MATH = YES;
				ONLY_ACTIVE_ARCH = YES;
				SDKROOT = iphoneos;
				SWIFT_ACTIVE_COMPILATION_CONDITIONS = DEBUG;
				SWIFT_OPTIMIZATION_LEVEL = "-Onone";
			};
			name = Debug;
		};
		270A78EF2181C09200AA6555 /* Release */ = {
			isa = XCBuildConfiguration;
			buildSettings = {
				ALWAYS_SEARCH_USER_PATHS = NO;
				CLANG_ANALYZER_NONNULL = YES;
				CLANG_ANALYZER_NUMBER_OBJECT_CONVERSION = YES_AGGRESSIVE;
				CLANG_CXX_LANGUAGE_STANDARD = "gnu++14";
				CLANG_CXX_LIBRARY = "libc++";
				CLANG_ENABLE_MODULES = YES;
				CLANG_ENABLE_OBJC_ARC = YES;
				CLANG_ENABLE_OBJC_WEAK = YES;
				CLANG_WARN_BLOCK_CAPTURE_AUTORELEASING = YES;
				CLANG_WARN_BOOL_CONVERSION = YES;
				CLANG_WARN_COMMA = YES;
				CLANG_WARN_CONSTANT_CONVERSION = YES;
				CLANG_WARN_DEPRECATED_OBJC_IMPLEMENTATIONS = YES;
				CLANG_WARN_DIRECT_OBJC_ISA_USAGE = YES_ERROR;
				CLANG_WARN_DOCUMENTATION_COMMENTS = YES;
				CLANG_WARN_EMPTY_BODY = YES;
				CLANG_WARN_ENUM_CONVERSION = YES;
				CLANG_WARN_INFINITE_RECURSION = YES;
				CLANG_WARN_INT_CONVERSION = YES;
				CLANG_WARN_NON_LITERAL_NULL_CONVERSION = YES;
				CLANG_WARN_OBJC_IMPLICIT_RETAIN_SELF = YES;
				CLANG_WARN_OBJC_LITERAL_CONVERSION = YES;
				CLANG_WARN_OBJC_ROOT_CLASS = YES_ERROR;
				CLANG_WARN_RANGE_LOOP_ANALYSIS = YES;
				CLANG_WARN_STRICT_PROTOTYPES = YES;
				CLANG_WARN_SUSPICIOUS_MOVE = YES;
				CLANG_WARN_UNGUARDED_AVAILABILITY = YES_AGGRESSIVE;
				CLANG_WARN_UNREACHABLE_CODE = YES;
				CLANG_WARN__DUPLICATE_METHOD_MATCH = YES;
				CODE_SIGN_IDENTITY = "iPhone Developer";
				COPY_PHASE_STRIP = NO;
				DEBUG_INFORMATION_FORMAT = "dwarf-with-dsym";
				ENABLE_NS_ASSERTIONS = NO;
				ENABLE_STRICT_OBJC_MSGSEND = YES;
				GCC_C_LANGUAGE_STANDARD = gnu11;
				GCC_NO_COMMON_BLOCKS = YES;
				GCC_WARN_64_TO_32_BIT_CONVERSION = YES;
				GCC_WARN_ABOUT_RETURN_TYPE = YES_ERROR;
				GCC_WARN_UNDECLARED_SELECTOR = YES;
				GCC_WARN_UNINITIALIZED_AUTOS = YES_AGGRESSIVE;
				GCC_WARN_UNUSED_FUNCTION = YES;
				GCC_WARN_UNUSED_VARIABLE = YES;
				IPHONEOS_DEPLOYMENT_TARGET = 12.0;
				MTL_ENABLE_DEBUG_INFO = NO;
				MTL_FAST_MATH = YES;
				SDKROOT = iphoneos;
				SWIFT_COMPILATION_MODE = wholemodule;
				SWIFT_OPTIMIZATION_LEVEL = "-O";
				VALIDATE_PRODUCT = YES;
			};
			name = Release;
		};
		270A78F12181C09200AA6555 /* Debug */ = {
			isa = XCBuildConfiguration;
			baseConfigurationReference = 713FF88D47DFC4C8B8242D70 /* Pods-DemoMRSelectCountryWithPods.debug.xcconfig */;
			buildSettings = {
				ASSETCATALOG_COMPILER_APPICON_NAME = AppIcon;
				CODE_SIGN_STYLE = Automatic;
				DEVELOPMENT_TEAM = 2KG486CF78;
				INFOPLIST_FILE = DemoMRSelectCountryWithPods/Info.plist;
				LD_RUNPATH_SEARCH_PATHS = "$(inherited) @executable_path/Frameworks";
				PRODUCT_BUNDLE_IDENTIFIER = com.raza.DemoMRSelectCountryWithPods;
				PRODUCT_NAME = "$(TARGET_NAME)";
				SWIFT_VERSION = 4.2;
				TARGETED_DEVICE_FAMILY = "1,2";
			};
			name = Debug;
		};
		270A78F22181C09200AA6555 /* Release */ = {
			isa = XCBuildConfiguration;
			baseConfigurationReference = ABA5FD61256592617687ABD2 /* Pods-DemoMRSelectCountryWithPods.release.xcconfig */;
			buildSettings = {
				ASSETCATALOG_COMPILER_APPICON_NAME = AppIcon;
				CODE_SIGN_STYLE = Automatic;
				DEVELOPMENT_TEAM = 2KG486CF78;
				INFOPLIST_FILE = DemoMRSelectCountryWithPods/Info.plist;
				LD_RUNPATH_SEARCH_PATHS = "$(inherited) @executable_path/Frameworks";
				PRODUCT_BUNDLE_IDENTIFIER = com.raza.DemoMRSelectCountryWithPods;
				PRODUCT_NAME = "$(TARGET_NAME)";
				SWIFT_VERSION = 4.2;
				TARGETED_DEVICE_FAMILY = "1,2";
			};
			name = Release;
		};
/* End XCBuildConfiguration section */

/* Begin XCConfigurationList section */
		270A78D92181C09000AA6555 /* Build configuration list for PBXProject "DemoMRSelectCountryWithPods" */ = {
			isa = XCConfigurationList;
			buildConfigurations = (
				270A78EE2181C09200AA6555 /* Debug */,
				270A78EF2181C09200AA6555 /* Release */,
			);
			defaultConfigurationIsVisible = 0;
			defaultConfigurationName = Release;
		};
		270A78F02181C09200AA6555 /* Build configuration list for PBXNativeTarget "DemoMRSelectCountryWithPods" */ = {
			isa = XCConfigurationList;
			buildConfigurations = (
				270A78F12181C09200AA6555 /* Debug */,
				270A78F22181C09200AA6555 /* Release */,
			);
			defaultConfigurationIsVisible = 0;
			defaultConfigurationName = Release;
		};
/* End XCConfigurationList section */
	};
	rootObject = 270A78D62181C09000AA6555 /* Project object */;
}
